# This file is autogenerated, do not edit; changes may be undone by the next 'dep ensure'.


[[projects]]
  name = "github.com/davecgh/go-spew"
  packages = ["spew"]
  revision = "8991bc29aa16c548c550c7ff78260e27b9ab7c73"
  version = "v1.1.1"

[[projects]]
  name = "github.com/gruntwork-io/terratest"
  packages = ["modules/collections","modules/customerrors","modules/files","modules/http-helper","modules/logger","modules/random","modules/retry","modules/shell","modules/ssh","modules/terraform"]
  revision = "07c3129a7aac5dcaf57a83669b6bd05e08391a47"
  version = "v0.13.12"

[[projects]]
  name = "github.com/pmezard/go-difflib"
  packages = ["difflib"]
  revision = "792786c7400a136282c1664665ae0a8db921c6c2"
  version = "v1.0.0"

[[projects]]
  name = "github.com/stretchr/testify"
  packages = ["assert"]
  revision = "f35b8ab0b5a2cef36673838d662e249dd9c94686"
  version = "v1.2.2"

[[projects]]
  branch = "master"
  name = "golang.org/x/crypto"
  packages = ["curve25519","ed25519","ed25519/internal/edwards25519","internal/chacha20","internal/subtle","poly1305","ssh","ssh/agent"]
  revision = "e4dc69e5b2fd71dcaf8bd5d054eb936deb78d1fa"

[[projects]]
  branch = "master"
  name = "golang.org/x/net"
  packages = ["context"]
  revision = "03003ca0c849e57b6ea29a4bab8d3cb6e4d568fe"

[solve-meta]
  analyzer-name = "dep"
  analyzer-version = 1
  inputs-digest = "5c05a1d4273cda1dfeb81e8c98a403df24700751d1e9a4e36d76197a8bbd3e85"
  solver-name = "gps-cdcl"
  solver-version = 1
